
Microsoft Visual Studio Solution File, Format Version 12.00
# Visual Studio Version 17
VisualStudioVersion = 17.3.32901.215
MinimumVisualStudioVersion = 10.0.40219.1
Project("{2150E333-8FDC-42A3-9474-1A3956D46DE8}") = "src", "src", "{48F908A2-DF24-46D4-8C74-DF319A0218C2}"
EndProject
Project("{FAE04EC0-301F-11D3-BF4B-00C04F79EFBC}") = "Zygieldesk.Application", "Zygieldesk.Application\Zygieldesk.Application.csproj", "{87489D00-266C-432A-A920-5B6CE3665708}"
EndProject
Project("{FAE04EC0-301F-11D3-BF4B-00C04F79EFBC}") = "Zygieldesk.Domain", "Zygieldesk.Domain\Zygieldesk.Domain.csproj", "{64F64816-F220-4DD4-928B-3D979EE4A4C6}"
EndProject
Project("{FAE04EC0-301F-11D3-BF4B-00C04F79EFBC}") = "Zygieldesk.Persistance", "Zygieldesk.Persistance\Zygieldesk.Persistance.csproj", "{54FD345B-6525-4AAF-87D9-450C5BB5C930}"
EndProject
Project("{FAE04EC0-301F-11D3-BF4B-00C04F79EFBC}") = "Zygieldesk.UnitTests", "Zygieldesk.UnitTests\Zygieldesk.UnitTests.csproj", "{633BDEC2-4D5C-4F9B-B374-D9173B94863E}"
EndProject
Project("{FAE04EC0-301F-11D3-BF4B-00C04F79EFBC}") = "Zygieldesk.API", "Zygieldesk.API\Zygieldesk.API.csproj", "{1AB2AD46-3867-45F9-9558-8F11B73988CA}"
EndProject
Global
	GlobalSection(SolutionConfigurationPlatforms) = preSolution
		Debug|Any CPU = Debug|Any CPU
		Release|Any CPU = Release|Any CPU
	EndGlobalSection
	GlobalSection(ProjectConfigurationPlatforms) = postSolution
		{87489D00-266C-432A-A920-5B6CE3665708}.Debug|Any CPU.ActiveCfg = Debug|Any CPU
		{87489D00-266C-432A-A920-5B6CE3665708}.Debug|Any CPU.Build.0 = Debug|Any CPU
		{87489D00-266C-432A-A920-5B6CE3665708}.Release|Any CPU.ActiveCfg = Release|Any CPU
		{87489D00-266C-432A-A920-5B6CE3665708}.Release|Any CPU.Build.0 = Release|Any CPU
		{64F64816-F220-4DD4-928B-3D979EE4A4C6}.Debug|Any CPU.ActiveCfg = Debug|Any CPU
		{64F64816-F220-4DD4-928B-3D979EE4A4C6}.Debug|Any CPU.Build.0 = Debug|Any CPU
		{64F64816-F220-4DD4-928B-3D979EE4A4C6}.Release|Any CPU.ActiveCfg = Release|Any CPU
		{64F64816-F220-4DD4-928B-3D979EE4A4C6}.Release|Any CPU.Build.0 = Release|Any CPU
		{54FD345B-6525-4AAF-87D9-450C5BB5C930}.Debug|Any CPU.ActiveCfg = Debug|Any CPU
		{54FD345B-6525-4AAF-87D9-450C5BB5C930}.Debug|Any CPU.Build.0 = Debug|Any CPU
		{54FD345B-6525-4AAF-87D9-450C5BB5C930}.Release|Any CPU.ActiveCfg = Release|Any CPU
		{54FD345B-6525-4AAF-87D9-450C5BB5C930}.Release|Any CPU.Build.0 = Release|Any CPU
		{633BDEC2-4D5C-4F9B-B374-D9173B94863E}.Debug|Any CPU.ActiveCfg = Debug|Any CPU
		{633BDEC2-4D5C-4F9B-B374-D9173B94863E}.Debug|Any CPU.Build.0 = Debug|Any CPU
		{633BDEC2-4D5C-4F9B-B374-D9173B94863E}.Release|Any CPU.ActiveCfg = Release|Any CPU
		{633BDEC2-4D5C-4F9B-B374-D9173B94863E}.Release|Any CPU.Build.0 = Release|Any CPU
		{1AB2AD46-3867-45F9-9558-8F11B73988CA}.Debug|Any CPU.ActiveCfg = Debug|Any CPU
		{1AB2AD46-3867-45F9-9558-8F11B73988CA}.Debug|Any CPU.Build.0 = Debug|Any CPU
		{1AB2AD46-3867-45F9-9558-8F11B73988CA}.Release|Any CPU.ActiveCfg = Release|Any CPU
		{1AB2AD46-3867-45F9-9558-8F11B73988CA}.Release|Any CPU.Build.0 = Release|Any CPU
	EndGlobalSection
	GlobalSection(SolutionProperties) = preSolution
		HideSolutionNode = FALSE
	EndGlobalSection
	GlobalSection(NestedProjects) = preSolution
		{87489D00-266C-432A-A920-5B6CE3665708} = {48F908A2-DF24-46D4-8C74-DF319A0218C2}
		{64F64816-F220-4DD4-928B-3D979EE4A4C6} = {48F908A2-DF24-46D4-8C74-DF319A0218C2}
		{54FD345B-6525-4AAF-87D9-450C5BB5C930} = {48F908A2-DF24-46D4-8C74-DF319A0218C2}
		{633BDEC2-4D5C-4F9B-B374-D9173B94863E} = {48F908A2-DF24-46D4-8C74-DF319A0218C2}
		{1AB2AD46-3867-45F9-9558-8F11B73988CA} = {48F908A2-DF24-46D4-8C74-DF319A0218C2}
	EndGlobalSection
	GlobalSection(ExtensibilityGlobals) = postSolution
		SolutionGuid = {35E09293-74BA-4BD6-8937-26BF59ACBFA6}
	EndGlobalSection
EndGlobal
